// !$*UTF8*$!
{
	archiveVersion = 1;
	classes = {
	};
	objectVersion = 77;
	objects = {

/* Begin PBXBuildFile section */
		A2ADC92C2CB98C2A0092E93C /* .gitignore in Resources */ = {isa = PBXBuildFile; fileRef = A2ADC92B2CB98C250092E93C /* .gitignore */; };
		A2B92F2C2CB4B26500E6BD12 /* Lottie in Frameworks */ = {isa = PBXBuildFile; productRef = A2B92F2B2CB4B26500E6BD12 /* Lottie */; };
/* End PBXBuildFile section */

/* Begin PBXContainerItemProxy section */
		A29D5F0A2CAC12230089E30C /* PBXContainerItemProxy */ = {
			isa = PBXContainerItemProxy;
			containerPortal = A29D5EF12CAC12220089E30C /* Project object */;
			proxyType = 1;
			remoteGlobalIDString = A29D5EF82CAC12220089E30C;
			remoteInfo = Vedge;
		};
		A29D5F142CAC12230089E30C /* PBXContainerItemProxy */ = {
			isa = PBXContainerItemProxy;
			containerPortal = A29D5EF12CAC12220089E30C /* Project object */;
			proxyType = 1;
			remoteGlobalIDString = A29D5EF82CAC12220089E30C;
			remoteInfo = Vedge;
		};
/* End PBXContainerItemProxy section */

/* Begin PBXFileReference section */
		A29D5EF92CAC12220089E30C /* Vedge.app */ = {isa = PBXFileReference; explicitFileType = wrapper.application; includeInIndex = 0; path = Vedge.app; sourceTree = BUILT_PRODUCTS_DIR; };
		A29D5F092CAC12230089E30C /* VedgeTests.xctest */ = {isa = PBXFileReference; explicitFileType = wrapper.cfbundle; includeInIndex = 0; path = VedgeTests.xctest; sourceTree = BUILT_PRODUCTS_DIR; };
		A29D5F132CAC12230089E30C /* VedgeUITests.xctest */ = {isa = PBXFileReference; explicitFileType = wrapper.cfbundle; includeInIndex = 0; path = VedgeUITests.xctest; sourceTree = BUILT_PRODUCTS_DIR; };
		A2ADC92B2CB98C250092E93C /* .gitignore */ = {isa = PBXFileReference; lastKnownFileType = text; path = .gitignore; sourceTree = "<group>"; };
/* End PBXFileReference section */

/* Begin PBXFileSystemSynchronizedBuildFileExceptionSet section */
		A2AB36752CACDF15006CB7FA /* Exceptions for "Vedge" folder in "Vedge" target */ = {
			isa = PBXFileSystemSynchronizedBuildFileExceptionSet;
			membershipExceptions = (
				Info.plist,
			);
			target = A29D5EF82CAC12220089E30C /* Vedge */;
		};
/* End PBXFileSystemSynchronizedBuildFileExceptionSet section */

/* Begin PBXFileSystemSynchronizedRootGroup section */
		A29D5EFB2CAC12220089E30C /* Vedge */ = {
			isa = PBXFileSystemSynchronizedRootGroup;
			exceptions = (
				A2AB36752CACDF15006CB7FA /* Exceptions for "Vedge" folder in "Vedge" target */,
			);
			path = Vedge;
			sourceTree = "<group>";
		};
		A29D5F0C2CAC12230089E30C /* VedgeTests */ = {
			isa = PBXFileSystemSynchronizedRootGroup;
			path = VedgeTests;
			sourceTree = "<group>";
		};
		A29D5F162CAC12230089E30C /* VedgeUITests */ = {
			isa = PBXFileSystemSynchronizedRootGroup;
			path = VedgeUITests;
			sourceTree = "<group>";
		};
/* End PBXFileSystemSynchronizedRootGroup section */

/* Begin PBXFrameworksBuildPhase section */
		A29D5EF62CAC12220089E30C /* Frameworks */ = {
			isa = PBXFrameworksBuildPhase;
			buildActionMask = 2147483647;
			files = (
				A2B92F2C2CB4B26500E6BD12 /* Lottie in Frameworks */,
			);
			runOnlyForDeploymentPostprocessing = 0;
		};
		A29D5F062CAC12230089E30C /* Frameworks */ = {
			isa = PBXFrameworksBuildPhase;
			buildActionMask = 2147483647;
			files = (
			);
			runOnlyForDeploymentPostprocessing = 0;
		};
		A29D5F102CAC12230089E30C /* Frameworks */ = {
			isa = PBXFrameworksBuildPhase;
			buildActionMask = 2147483647;
			files = (
			);
			runOnlyForDeploymentPostprocessing = 0;
		};
/* End PBXFrameworksBuildPhase section */

/* Begin PBXGroup section */
		A29D5EF02CAC12220089E30C = {
			isa = PBXGroup;
			children = (
				A2ADC92B2CB98C250092E93C /* .gitignore */,
				A29D5EFB2CAC12220089E30C /* Vedge */,
				A29D5F0C2CAC12230089E30C /* VedgeTests */,
				A29D5F162CAC12230089E30C /* VedgeUITests */,
				A2B92F2A2CB4B26500E6BD12 /* Frameworks */,
				A29D5EFA2CAC12220089E30C /* Products */,
			);
			sourceTree = "<group>";
		};
		A29D5EFA2CAC12220089E30C /* Products */ = {
			isa = PBXGroup;
			children = (
				A29D5EF92CAC12220089E30C /* Vedge.app */,
				A29D5F092CAC12230089E30C /* VedgeTests.xctest */,
				A29D5F132CAC12230089E30C /* VedgeUITests.xctest */,
			);
			name = Products;
			sourceTree = "<group>";
		};
		A2B92F2A2CB4B26500E6BD12 /* Frameworks */ = {
			isa = PBXGroup;
			children = (
			);
			name = Frameworks;
			sourceTree = "<group>";
		};
/* End PBXGroup section */

/* Begin PBXNativeTarget section */
		A29D5EF82CAC12220089E30C /* Vedge */ = {
			isa = PBXNativeTarget;
			buildConfigurationList = A29D5F1D2CAC12230089E30C /* Build configuration list for PBXNativeTarget "Vedge" */;
			buildPhases = (
				A29D5EF52CAC12220089E30C /* Sources */,
				A29D5EF62CAC12220089E30C /* Frameworks */,
				A29D5EF72CAC12220089E30C /* Resources */,
			);
			buildRules = (
			);
			dependencies = (
			);
			fileSystemSynchronizedGroups = (
				A29D5EFB2CAC12220089E30C /* Vedge */,
			);
			name = Vedge;
			packageProductDependencies = (
				A2B92F2B2CB4B26500E6BD12 /* Lottie */,
			);
			productName = Vedge;
			productReference = A29D5EF92CAC12220089E30C /* Vedge.app */;
			productType = "com.apple.product-type.application";
		};
		A29D5F082CAC12230089E30C /* VedgeTests */ = {
			isa = PBXNativeTarget;
			buildConfigurationList = A29D5F202CAC12230089E30C /* Build configuration list for PBXNativeTarget "VedgeTests" */;
			buildPhases = (
				A29D5F052CAC12230089E30C /* Sources */,
				A29D5F062CAC12230089E30C /* Frameworks */,
				A29D5F072CAC12230089E30C /* Resources */,
			);
			buildRules = (
			);
			dependencies = (
				A29D5F0B2CAC12230089E30C /* PBXTargetDependency */,
			);
			fileSystemSynchronizedGroups = (
				A29D5F0C2CAC12230089E30C /* VedgeTests */,
			);
			name = VedgeTests;
			packageProductDependencies = (
			);
			productName = VedgeTests;
			productReference = A29D5F092CAC12230089E30C /* VedgeTests.xctest */;
			productType = "com.apple.product-type.bundle.unit-test";
		};
		A29D5F122CAC12230089E30C /* VedgeUITests */ = {
			isa = PBXNativeTarget;
			buildConfigurationList = A29D5F232CAC12230089E30C /* Build configuration list for PBXNativeTarget "VedgeUITests" */;
			buildPhases = (
				A29D5F0F2CAC12230089E30C /* Sources */,
				A29D5F102CAC12230089E30C /* Frameworks */,
				A29D5F112CAC12230089E30C /* Resources */,
			);
			buildRules = (
			);
			dependencies = (
				A29D5F152CAC12230089E30C /* PBXTargetDependency */,
			);
			fileSystemSynchronizedGroups = (
				A29D5F162CAC12230089E30C /* VedgeUITests */,
			);
			name = VedgeUITests;
			packageProductDependencies = (
			);
			productName = VedgeUITests;
			productReference = A29D5F132CAC12230089E30C /* VedgeUITests.xctest */;
			productType = "com.apple.product-type.bundle.ui-testing";
		};
/* End PBXNativeTarget section */

/* Begin PBXProject section */
		A29D5EF12CAC12220089E30C /* Project object */ = {
			isa = PBXProject;
			attributes = {
				BuildIndependentTargetsInParallel = 1;
				LastSwiftUpdateCheck = 1610;
				LastUpgradeCheck = 1610;
				TargetAttributes = {
					A29D5EF82CAC12220089E30C = {
						CreatedOnToolsVersion = 16.1;
					};
					A29D5F082CAC12230089E30C = {
						CreatedOnToolsVersion = 16.1;
						TestTargetID = A29D5EF82CAC12220089E30C;
					};
					A29D5F122CAC12230089E30C = {
						CreatedOnToolsVersion = 16.1;
						TestTargetID = A29D5EF82CAC12220089E30C;
					};
				};
			};
			buildConfigurationList = A29D5EF42CAC12220089E30C /* Build configuration list for PBXProject "Vedge" */;
			developmentRegion = en;
			hasScannedForEncodings = 0;
			knownRegions = (
				en,
				Base,
			);
			mainGroup = A29D5EF02CAC12220089E30C;
			minimizedProjectReferenceProxies = 1;
			packageReferences = (
				A219C5C72CAE9D5200D97D0B /* XCRemoteSwiftPackageReference "payment-sdk-ios" */,
				A230A5DF2CB4B0E6003D0BD6 /* XCRemoteSwiftPackageReference "lottie-spm" */,
			);
			preferredProjectObjectVersion = 77;
			productRefGroup = A29D5EFA2CAC12220089E30C /* Products */;
			projectDirPath = "";
			projectRoot = "";
			targets = (
				A29D5EF82CAC12220089E30C /* Vedge */,
				A29D5F082CAC12230089E30C /* VedgeTests */,
				A29D5F122CAC12230089E30C /* VedgeUITests */,
			);
		};
/* End PBXProject section */

/* Begin PBXResourcesBuildPhase section */
		A29D5EF72CAC12220089E30C /* Resources */ = {
			isa = PBXResourcesBuildPhase;
			buildActionMask = 2147483647;
			files = (
				A2ADC92C2CB98C2A0092E93C /* .gitignore in Resources */,
			);
			runOnlyForDeploymentPostprocessing = 0;
		};
		A29D5F072CAC12230089E30C /* Resources */ = {
			isa = PBXResourcesBuildPhase;
			buildActionMask = 2147483647;
			files = (
			);
			runOnlyForDeploymentPostprocessing = 0;
		};
		A29D5F112CAC12230089E30C /* Resources */ = {
			isa = PBXResourcesBuildPhase;
			buildActionMask = 2147483647;
			files = (
			);
			runOnlyForDeploymentPostprocessing = 0;
		};
/* End PBXResourcesBuildPhase section */

/* Begin PBXSourcesBuildPhase section */
		A29D5EF52CAC12220089E30C /* Sources */ = {
			isa = PBXSourcesBuildPhase;
			buildActionMask = 2147483647;
			files = (
			);
			runOnlyForDeploymentPostprocessing = 0;
		};
		A29D5F052CAC12230089E30C /* Sources */ = {
			isa = PBXSourcesBuildPhase;
			buildActionMask = 2147483647;
			files = (
			);
			runOnlyForDeploymentPostprocessing = 0;
		};
		A29D5F0F2CAC12230089E30C /* Sources */ = {
			isa = PBXSourcesBuildPhase;
			buildActionMask = 2147483647;
			files = (
			);
			runOnlyForDeploymentPostprocessing = 0;
		};
/* End PBXSourcesBuildPhase section */

/* Begin PBXTargetDependency section */
		A29D5F0B2CAC12230089E30C /* PBXTargetDependency */ = {
			isa = PBXTargetDependency;
			target = A29D5EF82CAC12220089E30C /* Vedge */;
			targetProxy = A29D5F0A2CAC12230089E30C /* PBXContainerItemProxy */;
		};
		A29D5F152CAC12230089E30C /* PBXTargetDependency */ = {
			isa = PBXTargetDependency;
			target = A29D5EF82CAC12220089E30C /* Vedge */;
			targetProxy = A29D5F142CAC12230089E30C /* PBXContainerItemProxy */;
		};
/* End PBXTargetDependency section */

/* Begin XCBuildConfiguration section */
		A29D5F1B2CAC12230089E30C /* Debug */ = {
			isa = XCBuildConfiguration;
			buildSettings = {
				ALWAYS_SEARCH_USER_PATHS = NO;
				ASSETCATALOG_COMPILER_GENERATE_SWIFT_ASSET_SYMBOL_EXTENSIONS = YES;
				CLANG_ANALYZER_NONNULL = YES;
				CLANG_ANALYZER_NUMBER_OBJECT_CONVERSION = YES_AGGRESSIVE;
				CLANG_CXX_LANGUAGE_STANDARD = "gnu++20";
				CLANG_ENABLE_MODULES = YES;
				CLANG_ENABLE_OBJC_ARC = YES;
				CLANG_ENABLE_OBJC_WEAK = YES;
				CLANG_WARN_BLOCK_CAPTURE_AUTORELEASING = YES;
				CLANG_WARN_BOOL_CONVERSION = YES;
				CLANG_WARN_COMMA = YES;
				CLANG_WARN_CONSTANT_CONVERSION = YES;
				CLANG_WARN_DEPRECATED_OBJC_IMPLEMENTATIONS = YES;
				CLANG_WARN_DIRECT_OBJC_ISA_USAGE = YES_ERROR;
				CLANG_WARN_DOCUMENTATION_COMMENTS = YES;
				CLANG_WARN_EMPTY_BODY = YES;
				CLANG_WARN_ENUM_CONVERSION = YES;
				CLANG_WARN_INFINITE_RECURSION = YES;
				CLANG_WARN_INT_CONVERSION = YES;
				CLANG_WARN_NON_LITERAL_NULL_CONVERSION = YES;
				CLANG_WARN_OBJC_IMPLICIT_RETAIN_SELF = YES;
				CLANG_WARN_OBJC_LITERAL_CONVERSION = YES;
				CLANG_WARN_OBJC_ROOT_CLASS = YES_ERROR;
				CLANG_WARN_QUOTED_INCLUDE_IN_FRAMEWORK_HEADER = YES;
				CLANG_WARN_RANGE_LOOP_ANALYSIS = YES;
				CLANG_WARN_STRICT_PROTOTYPES = YES;
				CLANG_WARN_SUSPICIOUS_MOVE = YES;
				CLANG_WARN_UNGUARDED_AVAILABILITY = YES_AGGRESSIVE;
				CLANG_WARN_UNREACHABLE_CODE = YES;
				CLANG_WARN__DUPLICATE_METHOD_MATCH = YES;
				COPY_PHASE_STRIP = NO;
				DEBUG_INFORMATION_FORMAT = dwarf;
				ENABLE_STRICT_OBJC_MSGSEND = YES;
				ENABLE_TESTABILITY = YES;
				ENABLE_USER_SCRIPT_SANDBOXING = YES;
				GCC_C_LANGUAGE_STANDARD = gnu17;
				GCC_DYNAMIC_NO_PIC = NO;
				GCC_NO_COMMON_BLOCKS = YES;
				GCC_OPTIMIZATION_LEVEL = 0;
				GCC_PREPROCESSOR_DEFINITIONS = (
					"DEBUG=1",
					"$(inherited)",
				);
				GCC_WARN_64_TO_32_BIT_CONVERSION = YES;
				GCC_WARN_ABOUT_RETURN_TYPE = YES_ERROR;
				GCC_WARN_UNDECLARED_SELECTOR = YES;
				GCC_WARN_UNINITIALIZED_AUTOS = YES_AGGRESSIVE;
				GCC_WARN_UNUSED_FUNCTION = YES;
				GCC_WARN_UNUSED_VARIABLE = YES;
				IPHONEOS_DEPLOYMENT_TARGET = 18.1;
				LOCALIZATION_PREFERS_STRING_CATALOGS = YES;
				MTL_ENABLE_DEBUG_INFO = INCLUDE_SOURCE;
				MTL_FAST_MATH = YES;
				ONLY_ACTIVE_ARCH = YES;
				SDKROOT = iphoneos;
				SWIFT_ACTIVE_COMPILATION_CONDITIONS = "DEBUG $(inherited)";
				SWIFT_OPTIMIZATION_LEVEL = "-Onone";
			};
			name = Debug;
		};
		A29D5F1C2CAC12230089E30C /* Release */ = {
			isa = XCBuildConfiguration;
			buildSettings = {
				ALWAYS_SEARCH_USER_PATHS = NO;
				ASSETCATALOG_COMPILER_GENERATE_SWIFT_ASSET_SYMBOL_EXTENSIONS = YES;
				CLANG_ANALYZER_NONNULL = YES;
				CLANG_ANALYZER_NUMBER_OBJECT_CONVERSION = YES_AGGRESSIVE;
				CLANG_CXX_LANGUAGE_STANDARD = "gnu++20";
				CLANG_ENABLE_MODULES = YES;
				CLANG_ENABLE_OBJC_ARC = YES;
				CLANG_ENABLE_OBJC_WEAK = YES;
				CLANG_WARN_BLOCK_CAPTURE_AUTORELEASING = YES;
				CLANG_WARN_BOOL_CONVERSION = YES;
				CLANG_WARN_COMMA = YES;
				CLANG_WARN_CONSTANT_CONVERSION = YES;
				CLANG_WARN_DEPRECATED_OBJC_IMPLEMENTATIONS = YES;
				CLANG_WARN_DIRECT_OBJC_ISA_USAGE = YES_ERROR;
				CLANG_WARN_DOCUMENTATION_COMMENTS = YES;
				CLANG_WARN_EMPTY_BODY = YES;
				CLANG_WARN_ENUM_CONVERSION = YES;
				CLANG_WARN_INFINITE_RECURSION = YES;
				CLANG_WARN_INT_CONVERSION = YES;
				CLANG_WARN_NON_LITERAL_NULL_CONVERSION = YES;
				CLANG_WARN_OBJC_IMPLICIT_RETAIN_SELF = YES;
				CLANG_WARN_OBJC_LITERAL_CONVERSION = YES;
				CLANG_WARN_OBJC_ROOT_CLASS = YES_ERROR;
				CLANG_WARN_QUOTED_INCLUDE_IN_FRAMEWORK_HEADER = YES;
				CLANG_WARN_RANGE_LOOP_ANALYSIS = YES;
				CLANG_WARN_STRICT_PROTOTYPES = YES;
				CLANG_WARN_SUSPICIOUS_MOVE = YES;
				CLANG_WARN_UNGUARDED_AVAILABILITY = YES_AGGRESSIVE;
				CLANG_WARN_UNREACHABLE_CODE = YES;
				CLANG_WARN__DUPLICATE_METHOD_MATCH = YES;
				COPY_PHASE_STRIP = NO;
				DEBUG_INFORMATION_FORMAT = "dwarf-with-dsym";
				ENABLE_NS_ASSERTIONS = NO;
				ENABLE_STRICT_OBJC_MSGSEND = YES;
				ENABLE_USER_SCRIPT_SANDBOXING = YES;
				GCC_C_LANGUAGE_STANDARD = gnu17;
				GCC_NO_COMMON_BLOCKS = YES;
				GCC_WARN_64_TO_32_BIT_CONVERSION = YES;
				GCC_WARN_ABOUT_RETURN_TYPE = YES_ERROR;
				GCC_WARN_UNDECLARED_SELECTOR = YES;
				GCC_WARN_UNINITIALIZED_AUTOS = YES_AGGRESSIVE;
				GCC_WARN_UNUSED_FUNCTION = YES;
				GCC_WARN_UNUSED_VARIABLE = YES;
				IPHONEOS_DEPLOYMENT_TARGET = 18.1;
				LOCALIZATION_PREFERS_STRING_CATALOGS = YES;
				MTL_ENABLE_DEBUG_INFO = NO;
				MTL_FAST_MATH = YES;
				SDKROOT = iphoneos;
				SWIFT_COMPILATION_MODE = wholemodule;
				VALIDATE_PRODUCT = YES;
			};
			name = Release;
		};
		A29D5F1E2CAC12230089E30C /* Debug */ = {
			isa = XCBuildConfiguration;
			buildSettings = {
				ASSETCATALOG_COMPILER_APPICON_NAME = AppIcon;
				ASSETCATALOG_COMPILER_GLOBAL_ACCENT_COLOR_NAME = AccentColor;
				CODE_SIGN_ENTITLEMENTS = Vedge/Vedge.entitlements;
				CODE_SIGN_STYLE = Automatic;
				CURRENT_PROJECT_VERSION = 1;
				DEVELOPMENT_ASSET_PATHS = "\"Vedge/Preview Content\"";
				DEVELOPMENT_TEAM = TQ7JMJFZ9K;
				ENABLE_PREVIEWS = YES;
				GENERATE_INFOPLIST_FILE = YES;
				INFOPLIST_FILE = Vedge/Info.plist;
				INFOPLIST_KEY_UIApplicationSceneManifest_Generation = YES;
				INFOPLIST_KEY_UIApplicationSupportsIndirectInputEvents = YES;
				INFOPLIST_KEY_UILaunchScreen_Generation = YES;
				INFOPLIST_KEY_UISupportedInterfaceOrientations_iPad = "UIInterfaceOrientationPortrait UIInterfaceOrientationPortraitUpsideDown UIInterfaceOrientationLandscapeLeft UIInterfaceOrientationLandscapeRight";
				INFOPLIST_KEY_UISupportedInterfaceOrientations_iPhone = "UIInterfaceOrientationPortrait UIInterfaceOrientationLandscapeLeft UIInterfaceOrientationLandscapeRight";
				IPHONEOS_DEPLOYMENT_TARGET = 18.0;
				LD_RUNPATH_SEARCH_PATHS = (
					"$(inherited)",
					"@executable_path/Frameworks",
				);
				MARKETING_VERSION = 1.0;
				PRODUCT_BUNDLE_IDENTIFIER = com.vedge.app.Vedge;
				PRODUCT_NAME = "$(TARGET_NAME)";
				SWIFT_EMIT_LOC_STRINGS = YES;
				SWIFT_VERSION = 5.0;
				TARGETED_DEVICE_FAMILY = "1,2";
			};
			name = Debug;
		};
		A29D5F1F2CAC12230089E30C /* Release */ = {
			isa = XCBuildConfiguration;
			buildSettings = {
				ASSETCATALOG_COMPILER_APPICON_NAME = AppIcon;
				ASSETCATALOG_COMPILER_GLOBAL_ACCENT_COLOR_NAME = AccentColor;
				CODE_SIGN_ENTITLEMENTS = Vedge/Vedge.entitlements;
				CODE_SIGN_STYLE = Automatic;
				CURRENT_PROJECT_VERSION = 1;
				DEVELOPMENT_ASSET_PATHS = "\"Vedge/Preview Content\"";
				DEVELOPMENT_TEAM = TQ7JMJFZ9K;
				ENABLE_PREVIEWS = YES;
				GENERATE_INFOPLIST_FILE = YES;
				INFOPLIST_FILE = Vedge/Info.plist;
				INFOPLIST_KEY_UIApplicationSceneManifest_Generation = YES;
				INFOPLIST_KEY_UIApplicationSupportsIndirectInputEvents = YES;
				INFOPLIST_KEY_UILaunchScreen_Generation = YES;
				INFOPLIST_KEY_UISupportedInterfaceOrientations_iPad = "UIInterfaceOrientationPortrait UIInterfaceOrientationPortraitUpsideDown UIInterfaceOrientationLandscapeLeft UIInterfaceOrientationLandscapeRight";
				INFOPLIST_KEY_UISupportedInterfaceOrientations_iPhone = "UIInterfaceOrientationPortrait UIInterfaceOrientationLandscapeLeft UIInterfaceOrientationLandscapeRight";
				IPHONEOS_DEPLOYMENT_TARGET = 18.0;
				LD_RUNPATH_SEARCH_PATHS = (
					"$(inherited)",
					"@executable_path/Frameworks",
				);
				MARKETING_VERSION = 1.0;
				PRODUCT_BUNDLE_IDENTIFIER = com.vedge.app.Vedge;
				PRODUCT_NAME = "$(TARGET_NAME)";
				SWIFT_EMIT_LOC_STRINGS = YES;
				SWIFT_VERSION = 5.0;
				TARGETED_DEVICE_FAMILY = "1,2";
			};
			name = Release;
		};
		A29D5F212CAC12230089E30C /* Debug */ = {
			isa = XCBuildConfiguration;
			buildSettings = {
				BUNDLE_LOADER = "$(TEST_HOST)";
				CODE_SIGN_STYLE = Automatic;
				CURRENT_PROJECT_VERSION = 1;
				DEVELOPMENT_TEAM = 6N4XWB3QSL;
				GENERATE_INFOPLIST_FILE = YES;
				IPHONEOS_DEPLOYMENT_TARGET = 18.1;
				MARKETING_VERSION = 1.0;
				PRODUCT_BUNDLE_IDENTIFIER = com.vedge.app.VedgeTests;
				PRODUCT_NAME = "$(TARGET_NAME)";
				SWIFT_EMIT_LOC_STRINGS = NO;
				SWIFT_VERSION = 5.0;
				TARGETED_DEVICE_FAMILY = "1,2";
				TEST_HOST = "$(BUILT_PRODUCTS_DIR)/Vedge.app/$(BUNDLE_EXECUTABLE_FOLDER_PATH)/Vedge";
			};
			name = Debug;
		};
		A29D5F222CAC12230089E30C /* Release */ = {
			isa = XCBuildConfiguration;
			buildSettings = {
				BUNDLE_LOADER = "$(TEST_HOST)";
				CODE_SIGN_STYLE = Automatic;
				CURRENT_PROJECT_VERSION = 1;
				DEVELOPMENT_TEAM = 6N4XWB3QSL;
				GENERATE_INFOPLIST_FILE = YES;
				IPHONEOS_DEPLOYMENT_TARGET = 18.1;
				MARKETING_VERSION = 1.0;
				PRODUCT_BUNDLE_IDENTIFIER = com.vedge.app.VedgeTests;
				PRODUCT_NAME = "$(TARGET_NAME)";
				SWIFT_EMIT_LOC_STRINGS = NO;
				SWIFT_VERSION = 5.0;
				TARGETED_DEVICE_FAMILY = "1,2";
				TEST_HOST = "$(BUILT_PRODUCTS_DIR)/Vedge.app/$(BUNDLE_EXECUTABLE_FOLDER_PATH)/Vedge";
			};
			name = Release;
		};
		A29D5F242CAC12230089E30C /* Debug */ = {
			isa = XCBuildConfiguration;
			buildSettings = {
				CODE_SIGN_STYLE = Automatic;
				CURRENT_PROJECT_VERSION = 1;
				DEVELOPMENT_TEAM = 6N4XWB3QSL;
				GENERATE_INFOPLIST_FILE = YES;
				MARKETING_VERSION = 1.0;
				PRODUCT_BUNDLE_IDENTIFIER = com.vedge.app.VedgeUITests;
				PRODUCT_NAME = "$(TARGET_NAME)";
				SWIFT_EMIT_LOC_STRINGS = NO;
				SWIFT_VERSION = 5.0;
				TARGETED_DEVICE_FAMILY = "1,2";
				TEST_TARGET_NAME = Vedge;
			};
			name = Debug;
		};
		A29D5F252CAC12230089E30C /* Release */ = {
			isa = XCBuildConfiguration;
			buildSettings = {
				CODE_SIGN_STYLE = Automatic;
				CURRENT_PROJECT_VERSION = 1;
				DEVELOPMENT_TEAM = 6N4XWB3QSL;
				GENERATE_INFOPLIST_FILE = YES;
				MARKETING_VERSION = 1.0;
				PRODUCT_BUNDLE_IDENTIFIER = com.vedge.app.VedgeUITests;
				PRODUCT_NAME = "$(TARGET_NAME)";
				SWIFT_EMIT_LOC_STRINGS = NO;
				SWIFT_VERSION = 5.0;
				TARGETED_DEVICE_FAMILY = "1,2";
				TEST_TARGET_NAME = Vedge;
			};
			name = Release;
		};
/* End XCBuildConfiguration section */

/* Begin XCConfigurationList section */
		A29D5EF42CAC12220089E30C /* Build configuration list for PBXProject "Vedge" */ = {
			isa = XCConfigurationList;
			buildConfigurations = (
				A29D5F1B2CAC12230089E30C /* Debug */,
				A29D5F1C2CAC12230089E30C /* Release */,
			);
			defaultConfigurationIsVisible = 0;
			defaultConfigurationName = Release;
		};
		A29D5F1D2CAC12230089E30C /* Build configuration list for PBXNativeTarget "Vedge" */ = {
			isa = XCConfigurationList;
			buildConfigurations = (
				A29D5F1E2CAC12230089E30C /* Debug */,
				A29D5F1F2CAC12230089E30C /* Release */,
			);
			defaultConfigurationIsVisible = 0;
			defaultConfigurationName = Release;
		};
		A29D5F202CAC12230089E30C /* Build configuration list for PBXNativeTarget "VedgeTests" */ = {
			isa = XCConfigurationList;
			buildConfigurations = (
				A29D5F212CAC12230089E30C /* Debug */,
				A29D5F222CAC12230089E30C /* Release */,
			);
			defaultConfigurationIsVisible = 0;
			defaultConfigurationName = Release;
		};
		A29D5F232CAC12230089E30C /* Build configuration list for PBXNativeTarget "VedgeUITests" */ = {
			isa = XCConfigurationList;
			buildConfigurations = (
				A29D5F242CAC12230089E30C /* Debug */,
				A29D5F252CAC12230089E30C /* Release */,
			);
			defaultConfigurationIsVisible = 0;
			defaultConfigurationName = Release;
		};
/* End XCConfigurationList section */

/* Begin XCRemoteSwiftPackageReference section */
		A219C5C72CAE9D5200D97D0B /* XCRemoteSwiftPackageReference "payment-sdk-ios" */ = {
			isa = XCRemoteSwiftPackageReference;
			repositoryURL = "https://github.com/tosspayments/payment-sdk-ios.git";
			requirement = {
				kind = upToNextMajorVersion;
				minimumVersion = 0.1.33;
			};
		};
		A230A5DF2CB4B0E6003D0BD6 /* XCRemoteSwiftPackageReference "lottie-spm" */ = {
			isa = XCRemoteSwiftPackageReference;
			repositoryURL = "https://github.com/airbnb/lottie-spm.git";
			requirement = {
				kind = upToNextMajorVersion;
				minimumVersion = 4.5.0;
			};
		};
/* End XCRemoteSwiftPackageReference section */

/* Begin XCSwiftPackageProductDependency section */
		A2B92F2B2CB4B26500E6BD12 /* Lottie */ = {
			isa = XCSwiftPackageProductDependency;
			package = A230A5DF2CB4B0E6003D0BD6 /* XCRemoteSwiftPackageReference "lottie-spm" */;
			productName = Lottie;
		};
/* End XCSwiftPackageProductDependency section */
	};
	rootObject = A29D5EF12CAC12220089E30C /* Project object */;
}
